{
  "nodes": {
    "nix-darwin": {
      "inputs": {
        "nixpkgs": [
          "nixpkgs"
        ]
      },
      "locked": {
        "lastModified": 1737162735,
        "narHash": "sha256-5T+HkouTMGaRm0rh3kgD4Z1O7ONKfgjyoPQH5rSyreU=",
        "owner": "LnL7",
        "repo": "nix-darwin",
        "rev": "87131f51f8256952d1a306b5521cedc2dc61aa08",
        "type": "github"
      },
      "original": {
        "owner": "LnL7",
        "ref": "master",
        "repo": "nix-darwin",
        "type": "github"
      }
    },
    "nixpkgs": {
      "locked": {
        "lastModified": 1737274611,
        "narHash": "sha256-tmD7875tu1P0UvhI3Q/fXvIe8neJo7H9ZrPQ+QF7Q3E=",
        "owner": "NixOS",
        "repo": "nixpkgs",
        "rev": "50165c4f7eb48ce82bd063e1fb8047a0f515f8ce",
        "type": "github"
      },
      "original": {
        "owner": "NixOS",
        "ref": "nixpkgs-unstable",
        "repo": "nixpkgs",
        "type": "github"
      }
    },
    "root": {
      "inputs": {
        "nix-darwin": "nix-darwin",
        "nixpkgs": "nixpkgs"
      }
    }
  },
  "root": "root",
  "version": 7
}
